// !$*UTF8*$!
{
	archiveVersion = 1;
	classes = {
	};
	objectVersion = 46;
	objects = {

/* Begin PBXBuildFile section */
		6510A50D1E00133800B6F680 /* MapCreator.swift in Sources */ = {isa = PBXBuildFile; fileRef = 6510A50C1E00133800B6F680 /* MapCreator.swift */; };
		65C11C361DFF0D67001435B6 /* AppDelegate.swift in Sources */ = {isa = PBXBuildFile; fileRef = 65C11C351DFF0D67001435B6 /* AppDelegate.swift */; };
		65C11C381DFF0D67001435B6 /* GameScene.sks in Resources */ = {isa = PBXBuildFile; fileRef = 65C11C371DFF0D67001435B6 /* GameScene.sks */; };
		65C11C3C1DFF0D67001435B6 /* GameScene.swift in Sources */ = {isa = PBXBuildFile; fileRef = 65C11C3B1DFF0D67001435B6 /* GameScene.swift */; };
		65C11C3E1DFF0D67001435B6 /* GameViewController.swift in Sources */ = {isa = PBXBuildFile; fileRef = 65C11C3D1DFF0D67001435B6 /* GameViewController.swift */; };
		65C11C411DFF0D67001435B6 /* Main.storyboard in Resources */ = {isa = PBXBuildFile; fileRef = 65C11C3F1DFF0D67001435B6 /* Main.storyboard */; };
		65C11C461DFF0D67001435B6 /* LaunchScreen.storyboard in Resources */ = {isa = PBXBuildFile; fileRef = 65C11C441DFF0D67001435B6 /* LaunchScreen.storyboard */; };
		65C11C4E1DFF0EF2001435B6 /* MyTileSet.sks in Resources */ = {isa = PBXBuildFile; fileRef = 65C11C4D1DFF0EF2001435B6 /* MyTileSet.sks */; };
		65E1178A1E0008F500FB4BDD /* GameArt.xcassets in Resources */ = {isa = PBXBuildFile; fileRef = 65E117891E0008F500FB4BDD /* GameArt.xcassets */; };
/* End PBXBuildFile section */

/* Begin PBXFileReference section */
		6510A50C1E00133800B6F680 /* MapCreator.swift */ = {isa = PBXFileReference; fileEncoding = 4; lastKnownFileType = sourcecode.swift; path = MapCreator.swift; sourceTree = "<group>"; };
		65C11C321DFF0D67001435B6 /* TileMapNodeDemo.app */ = {isa = PBXFileReference; explicitFileType = wrapper.application; includeInIndex = 0; path = TileMapNodeDemo.app; sourceTree = BUILT_PRODUCTS_DIR; };
		65C11C351DFF0D67001435B6 /* AppDelegate.swift */ = {isa = PBXFileReference; lastKnownFileType = sourcecode.swift; path = AppDelegate.swift; sourceTree = "<group>"; };
		65C11C371DFF0D67001435B6 /* GameScene.sks */ = {isa = PBXFileReference; lastKnownFileType = file.sks; path = GameScene.sks; sourceTree = "<group>"; };
		65C11C3B1DFF0D67001435B6 /* GameScene.swift */ = {isa = PBXFileReference; lastKnownFileType = sourcecode.swift; path = GameScene.swift; sourceTree = "<group>"; };
		65C11C3D1DFF0D67001435B6 /* GameViewController.swift */ = {isa = PBXFileReference; lastKnownFileType = sourcecode.swift; path = GameViewController.swift; sourceTree = "<group>"; };
		65C11C401DFF0D67001435B6 /* Base */ = {isa = PBXFileReference; lastKnownFileType = file.storyboard; name = Base; path = Base.lproj/Main.storyboard; sourceTree = "<group>"; };
		65C11C451DFF0D67001435B6 /* Base */ = {isa = PBXFileReference; lastKnownFileType = file.storyboard; name = Base; path = Base.lproj/LaunchScreen.storyboard; sourceTree = "<group>"; };
		65C11C471DFF0D67001435B6 /* Info.plist */ = {isa = PBXFileReference; lastKnownFileType = text.plist.xml; path = Info.plist; sourceTree = "<group>"; };
		65C11C4D1DFF0EF2001435B6 /* MyTileSet.sks */ = {isa = PBXFileReference; lastKnownFileType = file.sks; path = MyTileSet.sks; sourceTree = "<group>"; };
		65E117891E0008F500FB4BDD /* GameArt.xcassets */ = {isa = PBXFileReference; lastKnownFileType = folder.assetcatalog; path = GameArt.xcassets; sourceTree = "<group>"; };
/* End PBXFileReference section */

/* Begin PBXFrameworksBuildPhase section */
		65C11C2F1DFF0D67001435B6 /* Frameworks */ = {
			isa = PBXFrameworksBuildPhase;
			buildActionMask = 2147483647;
			files = (
			);
			runOnlyForDeploymentPostprocessing = 0;
		};
/* End PBXFrameworksBuildPhase section */

/* Begin PBXGroup section */
		65C11C291DFF0D67001435B6 = {
			isa = PBXGroup;
			children = (
				65C11C341DFF0D67001435B6 /* TileMapNodeDemo */,
				65C11C331DFF0D67001435B6 /* Products */,
			);
			sourceTree = "<group>";
		};
		65C11C331DFF0D67001435B6 /* Products */ = {
			isa = PBXGroup;
			children = (
				65C11C321DFF0D67001435B6 /* TileMapNodeDemo.app */,
			);
			name = Products;
			sourceTree = "<group>";
		};
		65C11C341DFF0D67001435B6 /* TileMapNodeDemo */ = {
			isa = PBXGroup;
			children = (
				65C11C351DFF0D67001435B6 /* AppDelegate.swift */,
				65C11C371DFF0D67001435B6 /* GameScene.sks */,
				65C11C3B1DFF0D67001435B6 /* GameScene.swift */,
				65C11C3D1DFF0D67001435B6 /* GameViewController.swift */,
				65C11C3F1DFF0D67001435B6 /* Main.storyboard */,
				65C11C441DFF0D67001435B6 /* LaunchScreen.storyboard */,
				65C11C471DFF0D67001435B6 /* Info.plist */,
				65C11C4D1DFF0EF2001435B6 /* MyTileSet.sks */,
				65E117891E0008F500FB4BDD /* GameArt.xcassets */,
				6510A50C1E00133800B6F680 /* MapCreator.swift */,
			);
			path = TileMapNodeDemo;
			sourceTree = "<group>";
		};
/* End PBXGroup section */

/* Begin PBXNativeTarget section */
		65C11C311DFF0D67001435B6 /* TileMapNodeDemo */ = {
			isa = PBXNativeTarget;
			buildConfigurationList = 65C11C4A1DFF0D67001435B6 /* Build configuration list for PBXNativeTarget "TileMapNodeDemo" */;
			buildPhases = (
				65C11C2E1DFF0D67001435B6 /* Sources */,
				65C11C2F1DFF0D67001435B6 /* Frameworks */,
				65C11C301DFF0D67001435B6 /* Resources */,
			);
			buildRules = (
			);
			dependencies = (
			);
			name = TileMapNodeDemo;
			productName = TileMapNodeDemo;
			productReference = 65C11C321DFF0D67001435B6 /* TileMapNodeDemo.app */;
			productType = "com.apple.product-type.application";
		};
/* End PBXNativeTarget section */

/* Begin PBXProject section */
		65C11C2A1DFF0D67001435B6 /* Project object */ = {
			isa = PBXProject;
			attributes = {
				LastSwiftUpdateCheck = 0810;
				LastUpgradeCheck = 0810;
				ORGANIZATIONNAME = "Cold Mass Digital Entertainment";
				TargetAttributes = {
					65C11C311DFF0D67001435B6 = {
						CreatedOnToolsVersion = 8.1;
						DevelopmentTeam = V89KTJ3L55;
						ProvisioningStyle = Automatic;
					};
				};
			};
			buildConfigurationList = 65C11C2D1DFF0D67001435B6 /* Build configuration list for PBXProject "TileMapNodeDemo" */;
			compatibilityVersion = "Xcode 3.2";
			developmentRegion = English;
			hasScannedForEncodings = 0;
			knownRegions = (
				en,
				Base,
			);
			mainGroup = 65C11C291DFF0D67001435B6;
			productRefGroup = 65C11C331DFF0D67001435B6 /* Products */;
			projectDirPath = "";
			projectRoot = "";
			targets = (
				65C11C311DFF0D67001435B6 /* TileMapNodeDemo */,
			);
		};
/* End PBXProject section */

/* Begin PBXResourcesBuildPhase section */
		65C11C301DFF0D67001435B6 /* Resources */ = {
			isa = PBXResourcesBuildPhase;
			buildActionMask = 2147483647;
			files = (
				65E1178A1E0008F500FB4BDD /* GameArt.xcassets in Resources */,
				65C11C411DFF0D67001435B6 /* Main.storyboard in Resources */,
				65C11C381DFF0D67001435B6 /* GameScene.sks in Resources */,
				65C11C4E1DFF0EF2001435B6 /* MyTileSet.sks in Resources */,
				65C11C461DFF0D67001435B6 /* LaunchScreen.storyboard in Resources */,
			);
			runOnlyForDeploymentPostprocessing = 0;
		};
/* End PBXResourcesBuildPhase section */

/* Begin PBXSourcesBuildPhase section */
		65C11C2E1DFF0D67001435B6 /* Sources */ = {
			isa = PBXSourcesBuildPhase;
			buildActionMask = 2147483647;
			files = (
				65C11C3C1DFF0D67001435B6 /* GameScene.swift in Sources */,
				6510A50D1E00133800B6F680 /* MapCreator.swift in Sources */,
				65C11C3E1DFF0D67001435B6 /* GameViewController.swift in Sources */,
				65C11C361DFF0D67001435B6 /* AppDelegate.swift in Sources */,
			);
			runOnlyForDeploymentPostprocessing = 0;
		};
/* End PBXSourcesBuildPhase section */

/* Begin PBXVariantGroup section */
		65C11C3F1DFF0D67001435B6 /* Main.storyboard */ = {
			isa = PBXVariantGroup;
			children = (
				65C11C401DFF0D67001435B6 /* Base */,
			);
			name = Main.storyboard;
			sourceTree = "<group>";
		};
		65C11C441DFF0D67001435B6 /* LaunchScreen.storyboard */ = {
			isa = PBXVariantGroup;
			children = (
				65C11C451DFF0D67001435B6 /* Base */,
			);
			name = LaunchScreen.storyboard;
			sourceTree = "<group>";
		};
/* End PBXVariantGroup section */

/* Begin XCBuildConfiguration section */
		65C11C481DFF0D67001435B6 /* Debug */ = {
			isa = XCBuildConfiguration;
			buildSettings = {
				ALWAYS_SEARCH_USER_PATHS = NO;
				CLANG_ANALYZER_NONNULL = YES;
				CLANG_CXX_LANGUAGE_STANDARD = "gnu++0x";
				CLANG_CXX_LIBRARY = "libc++";
				CLANG_ENABLE_MODULES = YES;
				CLANG_ENABLE_OBJC_ARC = YES;
				CLANG_WARN_BOOL_CONVERSION = YES;
				CLANG_WARN_CONSTANT_CONVERSION = YES;
				CLANG_WARN_DIRECT_OBJC_ISA_USAGE = YES_ERROR;
				CLANG_WARN_DOCUMENTATION_COMMENTS = YES;
				CLANG_WARN_EMPTY_BODY = YES;
				CLANG_WARN_ENUM_CONVERSION = YES;
				CLANG_WARN_INFINITE_RECURSION = YES;
				CLANG_WARN_INT_CONVERSION = YES;
				CLANG_WARN_OBJC_ROOT_CLASS = YES_ERROR;
				CLANG_WARN_SUSPICIOUS_MOVES = YES;
				CLANG_WARN_UNREACHABLE_CODE = YES;
				CLANG_WARN__DUPLICATE_METHOD_MATCH = YES;
				"CODE_SIGN_IDENTITY[sdk=iphoneos*]" = "iPhone Developer";
				COPY_PHASE_STRIP = NO;
				DEBUG_INFORMATION_FORMAT = dwarf;
				ENABLE_STRICT_OBJC_MSGSEND = YES;
				ENABLE_TESTABILITY = YES;
				GCC_C_LANGUAGE_STANDARD = gnu99;
				GCC_DYNAMIC_NO_PIC = NO;
				GCC_NO_COMMON_BLOCKS = YES;
				GCC_OPTIMIZATION_LEVEL = 0;
				GCC_PREPROCESSOR_DEFINITIONS = (
					"DEBUG=1",
					"$(inherited)",
				);
				GCC_WARN_64_TO_32_BIT_CONVERSION = YES;
				GCC_WARN_ABOUT_RETURN_TYPE = YES_ERROR;
				GCC_WARN_UNDECLARED_SELECTOR = YES;
				GCC_WARN_UNINITIALIZED_AUTOS = YES_AGGRESSIVE;
				GCC_WARN_UNUSED_FUNCTION = YES;
				GCC_WARN_UNUSED_VARIABLE = YES;
				IPHONEOS_DEPLOYMENT_TARGET = 10.1;
				MTL_ENABLE_DEBUG_INFO = YES;
				ONLY_ACTIVE_ARCH = YES;
				SDKROOT = iphoneos;
				SWIFT_ACTIVE_COMPILATION_CONDITIONS = DEBUG;
				SWIFT_OPTIMIZATION_LEVEL = "-Onone";
			};
			name = Debug;
		};
		65C11C491DFF0D67001435B6 /* Release */ = {
			isa = XCBuildConfiguration;
			buildSettings = {
				ALWAYS_SEARCH_USER_PATHS = NO;
				CLANG_ANALYZER_NONNULL = YES;
				CLANG_CXX_LANGUAGE_STANDARD = "gnu++0x";
				CLANG_CXX_LIBRARY = "libc++";
				CLANG_ENABLE_MODULES = YES;
				CLANG_ENABLE_OBJC_ARC = YES;
				CLANG_WARN_BOOL_CONVERSION = YES;
				CLANG_WARN_CONSTANT_CONVERSION = YES;
				CLANG_WARN_DIRECT_OBJC_ISA_USAGE = YES_ERROR;
				CLANG_WARN_DOCUMENTATION_COMMENTS = YES;
				CLANG_WARN_EMPTY_BODY = YES;
				CLANG_WARN_ENUM_CONVERSION = YES;
				CLANG_WARN_INFINITE_RECURSION = YES;
				CLANG_WARN_INT_CONVERSION = YES;
				CLANG_WARN_OBJC_ROOT_CLASS = YES_ERROR;
				CLANG_WARN_SUSPICIOUS_MOVES = YES;
				CLANG_WARN_UNREACHABLE_CODE = YES;
				CLANG_WARN__DUPLICATE_METHOD_MATCH = YES;
				"CODE_SIGN_IDENTITY[sdk=iphoneos*]" = "iPhone Developer";
				COPY_PHASE_STRIP = NO;
				DEBUG_INFORMATION_FORMAT = "dwarf-with-dsym";
				ENABLE_NS_ASSERTIONS = NO;
				ENABLE_STRICT_OBJC_MSGSEND = YES;
				GCC_C_LANGUAGE_STANDARD = gnu99;
				GCC_NO_COMMON_BLOCKS = YES;
				GCC_WARN_64_TO_32_BIT_CONVERSION = YES;
				GCC_WARN_ABOUT_RETURN_TYPE = YES_ERROR;
				GCC_WARN_UNDECLARED_SELECTOR = YES;
				GCC_WARN_UNINITIALIZED_AUTOS = YES_AGGRESSIVE;
				GCC_WARN_UNUSED_FUNCTION = YES;
				GCC_WARN_UNUSED_VARIABLE = YES;
				IPHONEOS_DEPLOYMENT_TARGET = 10.1;
				MTL_ENABLE_DEBUG_INFO = NO;
				SDKROOT = iphoneos;
				SWIFT_OPTIMIZATION_LEVEL = "-Owholemodule";
				VALIDATE_PRODUCT = YES;
			};
			name = Release;
		};
		65C11C4B1DFF0D67001435B6 /* Debug */ = {
			isa = XCBuildConfiguration;
			buildSettings = {
				ASSETCATALOG_COMPILER_APPICON_NAME = AppIcon;
				DEVELOPMENT_TEAM = V89KTJ3L55;
				INFOPLIST_FILE = TileMapNodeDemo/Info.plist;
				LD_RUNPATH_SEARCH_PATHS = "$(inherited) @executable_path/Frameworks";
				PRODUCT_BUNDLE_IDENTIFIER = br.com.coldmass.TileMapNodeDemo;
				PRODUCT_NAME = "$(TARGET_NAME)";
				SWIFT_VERSION = 3.0;
			};
			name = Debug;
		};
		65C11C4C1DFF0D67001435B6 /* Release */ = {
			isa = XCBuildConfiguration;
			buildSettings = {
				ASSETCATALOG_COMPILER_APPICON_NAME = AppIcon;
				DEVELOPMENT_TEAM = V89KTJ3L55;
				INFOPLIST_FILE = TileMapNodeDemo/Info.plist;
				LD_RUNPATH_SEARCH_PATHS = "$(inherited) @executable_path/Frameworks";
				PRODUCT_BUNDLE_IDENTIFIER = br.com.coldmass.TileMapNodeDemo;
				PRODUCT_NAME = "$(TARGET_NAME)";
				SWIFT_VERSION = 3.0;
			};
			name = Release;
		};
/* End XCBuildConfiguration section */

/* Begin XCConfigurationList section */
		65C11C2D1DFF0D67001435B6 /* Build configuration list for PBXProject "TileMapNodeDemo" */ = {
			isa = XCConfigurationList;
			buildConfigurations = (
				65C11C481DFF0D67001435B6 /* Debug */,
				65C11C491DFF0D67001435B6 /* Release */,
			);
			defaultConfigurationIsVisible = 0;
			defaultConfigurationName = Release;
		};
		65C11C4A1DFF0D67001435B6 /* Build configuration list for PBXNativeTarget "TileMapNodeDemo" */ = {
			isa = XCConfigurationList;
			buildConfigurations = (
				65C11C4B1DFF0D67001435B6 /* Debug */,
				65C11C4C1DFF0D67001435B6 /* Release */,
			);
			defaultConfigurationIsVisible = 0;
			defaultConfigurationName = Release;
		};
/* End XCConfigurationList section */
	};
	rootObject = 65C11C2A1DFF0D67001435B6 /* Project object */;
}
